// !$*UTF8*$!
{
	archiveVersion = 1;
	classes = {
	};
	objectVersion = 56;
	objects = {

/* Begin PBXBuildFile section */
		FA06FD262B20ED5A00C9AC7F /* AppDelegate.swift in Sources */ = {isa = PBXBuildFile; fileRef = FA06FD252B20ED5A00C9AC7F /* AppDelegate.swift */; };
		FA06FD282B20ED5A00C9AC7F /* SceneDelegate.swift in Sources */ = {isa = PBXBuildFile; fileRef = FA06FD272B20ED5A00C9AC7F /* SceneDelegate.swift */; };
		FA06FD2F2B20ED5D00C9AC7F /* Assets.xcassets in Resources */ = {isa = PBXBuildFile; fileRef = FA06FD2E2B20ED5D00C9AC7F /* Assets.xcassets */; };
		FA06FD322B20ED5D00C9AC7F /* LaunchScreen.storyboard in Resources */ = {isa = PBXBuildFile; fileRef = FA06FD302B20ED5D00C9AC7F /* LaunchScreen.storyboard */; };
		FA06FD3C2B20EE5400C9AC7F /* BaseRouter.swift in Sources */ = {isa = PBXBuildFile; fileRef = FA06FD3B2B20EE5400C9AC7F /* BaseRouter.swift */; };
		FA06FD452B20EF9000C9AC7F /* FirstPresenter.swift in Sources */ = {isa = PBXBuildFile; fileRef = FA06FD3F2B20EF9000C9AC7F /* FirstPresenter.swift */; };
		FA06FD462B20EF9000C9AC7F /* FirstRouter.swift in Sources */ = {isa = PBXBuildFile; fileRef = FA06FD402B20EF9000C9AC7F /* FirstRouter.swift */; };
		FA06FD472B20EF9000C9AC7F /* FirstViewController.swift in Sources */ = {isa = PBXBuildFile; fileRef = FA06FD412B20EF9000C9AC7F /* FirstViewController.swift */; };
		FA06FD482B20EF9000C9AC7F /* FirstProtocols.swift in Sources */ = {isa = PBXBuildFile; fileRef = FA06FD422B20EF9000C9AC7F /* FirstProtocols.swift */; };
		FA06FD492B20EF9000C9AC7F /* FirstInteractor.swift in Sources */ = {isa = PBXBuildFile; fileRef = FA06FD432B20EF9000C9AC7F /* FirstInteractor.swift */; };
		FA06FD4A2B20EF9000C9AC7F /* FirstContainer.swift in Sources */ = {isa = PBXBuildFile; fileRef = FA06FD442B20EF9000C9AC7F /* FirstContainer.swift */; };
		FA06FD522B20EFB800C9AC7F /* SecondPresenter.swift in Sources */ = {isa = PBXBuildFile; fileRef = FA06FD4C2B20EFB800C9AC7F /* SecondPresenter.swift */; };
		FA06FD532B20EFB800C9AC7F /* SecondRouter.swift in Sources */ = {isa = PBXBuildFile; fileRef = FA06FD4D2B20EFB800C9AC7F /* SecondRouter.swift */; };
		FA06FD542B20EFB800C9AC7F /* SecondViewController.swift in Sources */ = {isa = PBXBuildFile; fileRef = FA06FD4E2B20EFB800C9AC7F /* SecondViewController.swift */; };
		FA06FD552B20EFB800C9AC7F /* SecondProtocols.swift in Sources */ = {isa = PBXBuildFile; fileRef = FA06FD4F2B20EFB800C9AC7F /* SecondProtocols.swift */; };
		FA06FD562B20EFB800C9AC7F /* SecondInteractor.swift in Sources */ = {isa = PBXBuildFile; fileRef = FA06FD502B20EFB800C9AC7F /* SecondInteractor.swift */; };
		FA06FD572B20EFB800C9AC7F /* SecondContainer.swift in Sources */ = {isa = PBXBuildFile; fileRef = FA06FD512B20EFB800C9AC7F /* SecondContainer.swift */; };
/* End PBXBuildFile section */

/* Begin PBXFileReference section */
		FA06FD222B20ED5A00C9AC7F /* KGLaVIPER.app */ = {isa = PBXFileReference; explicitFileType = wrapper.application; includeInIndex = 0; path = KGLaVIPER.app; sourceTree = BUILT_PRODUCTS_DIR; };
		FA06FD252B20ED5A00C9AC7F /* AppDelegate.swift */ = {isa = PBXFileReference; lastKnownFileType = sourcecode.swift; path = AppDelegate.swift; sourceTree = "<group>"; };
		FA06FD272B20ED5A00C9AC7F /* SceneDelegate.swift */ = {isa = PBXFileReference; lastKnownFileType = sourcecode.swift; path = SceneDelegate.swift; sourceTree = "<group>"; };
		FA06FD2E2B20ED5D00C9AC7F /* Assets.xcassets */ = {isa = PBXFileReference; lastKnownFileType = folder.assetcatalog; path = Assets.xcassets; sourceTree = "<group>"; };
		FA06FD312B20ED5D00C9AC7F /* Base */ = {isa = PBXFileReference; lastKnownFileType = file.storyboard; name = Base; path = Base.lproj/LaunchScreen.storyboard; sourceTree = "<group>"; };
		FA06FD332B20ED5D00C9AC7F /* Info.plist */ = {isa = PBXFileReference; lastKnownFileType = text.plist.xml; path = Info.plist; sourceTree = "<group>"; };
		FA06FD3B2B20EE5400C9AC7F /* BaseRouter.swift */ = {isa = PBXFileReference; lastKnownFileType = sourcecode.swift; path = BaseRouter.swift; sourceTree = "<group>"; };
		FA06FD3F2B20EF9000C9AC7F /* FirstPresenter.swift */ = {isa = PBXFileReference; lastKnownFileType = sourcecode.swift; path = FirstPresenter.swift; sourceTree = "<group>"; };
		FA06FD402B20EF9000C9AC7F /* FirstRouter.swift */ = {isa = PBXFileReference; lastKnownFileType = sourcecode.swift; path = FirstRouter.swift; sourceTree = "<group>"; };
		FA06FD412B20EF9000C9AC7F /* FirstViewController.swift */ = {isa = PBXFileReference; lastKnownFileType = sourcecode.swift; path = FirstViewController.swift; sourceTree = "<group>"; };
		FA06FD422B20EF9000C9AC7F /* FirstProtocols.swift */ = {isa = PBXFileReference; lastKnownFileType = sourcecode.swift; path = FirstProtocols.swift; sourceTree = "<group>"; };
		FA06FD432B20EF9000C9AC7F /* FirstInteractor.swift */ = {isa = PBXFileReference; lastKnownFileType = sourcecode.swift; path = FirstInteractor.swift; sourceTree = "<group>"; };
		FA06FD442B20EF9000C9AC7F /* FirstContainer.swift */ = {isa = PBXFileReference; lastKnownFileType = sourcecode.swift; path = FirstContainer.swift; sourceTree = "<group>"; };
		FA06FD4C2B20EFB800C9AC7F /* SecondPresenter.swift */ = {isa = PBXFileReference; lastKnownFileType = sourcecode.swift; path = SecondPresenter.swift; sourceTree = "<group>"; };
		FA06FD4D2B20EFB800C9AC7F /* SecondRouter.swift */ = {isa = PBXFileReference; lastKnownFileType = sourcecode.swift; path = SecondRouter.swift; sourceTree = "<group>"; };
		FA06FD4E2B20EFB800C9AC7F /* SecondViewController.swift */ = {isa = PBXFileReference; lastKnownFileType = sourcecode.swift; path = SecondViewController.swift; sourceTree = "<group>"; };
		FA06FD4F2B20EFB800C9AC7F /* SecondProtocols.swift */ = {isa = PBXFileReference; lastKnownFileType = sourcecode.swift; path = SecondProtocols.swift; sourceTree = "<group>"; };
		FA06FD502B20EFB800C9AC7F /* SecondInteractor.swift */ = {isa = PBXFileReference; lastKnownFileType = sourcecode.swift; path = SecondInteractor.swift; sourceTree = "<group>"; };
		FA06FD512B20EFB800C9AC7F /* SecondContainer.swift */ = {isa = PBXFileReference; lastKnownFileType = sourcecode.swift; path = SecondContainer.swift; sourceTree = "<group>"; };
/* End PBXFileReference section */

/* Begin PBXFrameworksBuildPhase section */
		FA06FD1F2B20ED5A00C9AC7F /* Frameworks */ = {
			isa = PBXFrameworksBuildPhase;
			buildActionMask = 2147483647;
			files = (
			);
			runOnlyForDeploymentPostprocessing = 0;
		};
/* End PBXFrameworksBuildPhase section */

/* Begin PBXGroup section */
		FA06FD192B20ED5A00C9AC7F = {
			isa = PBXGroup;
			children = (
				FA06FD242B20ED5A00C9AC7F /* KGLaVIPER */,
				FA06FD232B20ED5A00C9AC7F /* Products */,
			);
			sourceTree = "<group>";
		};
		FA06FD232B20ED5A00C9AC7F /* Products */ = {
			isa = PBXGroup;
			children = (
				FA06FD222B20ED5A00C9AC7F /* KGLaVIPER.app */,
			);
			name = Products;
			sourceTree = "<group>";
		};
		FA06FD242B20ED5A00C9AC7F /* KGLaVIPER */ = {
			isa = PBXGroup;
			children = (
				FA06FD3D2B20EF6800C9AC7F /* Modules */,
				FA06FD392B20EE2C00C9AC7F /* Common */,
				FA06FD252B20ED5A00C9AC7F /* AppDelegate.swift */,
				FA06FD272B20ED5A00C9AC7F /* SceneDelegate.swift */,
				FA06FD2E2B20ED5D00C9AC7F /* Assets.xcassets */,
				FA06FD302B20ED5D00C9AC7F /* LaunchScreen.storyboard */,
				FA06FD332B20ED5D00C9AC7F /* Info.plist */,
			);
			path = KGLaVIPER;
			sourceTree = "<group>";
		};
		FA06FD392B20EE2C00C9AC7F /* Common */ = {
			isa = PBXGroup;
			children = (
				FA06FD3A2B20EE3D00C9AC7F /* UI */,
				FA06FD3B2B20EE5400C9AC7F /* BaseRouter.swift */,
			);
			path = Common;
			sourceTree = "<group>";
		};
		FA06FD3A2B20EE3D00C9AC7F /* UI */ = {
			isa = PBXGroup;
			children = (
			);
			path = UI;
			sourceTree = "<group>";
		};
		FA06FD3D2B20EF6800C9AC7F /* Modules */ = {
			isa = PBXGroup;
			children = (
				FA06FD3E2B20EF7100C9AC7F /* First */,
				FA06FD4B2B20EF9700C9AC7F /* Second */,
			);
			path = Modules;
			sourceTree = "<group>";
		};
		FA06FD3E2B20EF7100C9AC7F /* First */ = {
			isa = PBXGroup;
			children = (
				FA06FD3F2B20EF9000C9AC7F /* FirstPresenter.swift */,
				FA06FD402B20EF9000C9AC7F /* FirstRouter.swift */,
				FA06FD412B20EF9000C9AC7F /* FirstViewController.swift */,
				FA06FD422B20EF9000C9AC7F /* FirstProtocols.swift */,
				FA06FD432B20EF9000C9AC7F /* FirstInteractor.swift */,
				FA06FD442B20EF9000C9AC7F /* FirstContainer.swift */,
			);
			path = First;
			sourceTree = "<group>";
		};
		FA06FD4B2B20EF9700C9AC7F /* Second */ = {
			isa = PBXGroup;
			children = (
				FA06FD4C2B20EFB800C9AC7F /* SecondPresenter.swift */,
				FA06FD4D2B20EFB800C9AC7F /* SecondRouter.swift */,
				FA06FD4E2B20EFB800C9AC7F /* SecondViewController.swift */,
				FA06FD4F2B20EFB800C9AC7F /* SecondProtocols.swift */,
				FA06FD502B20EFB800C9AC7F /* SecondInteractor.swift */,
				FA06FD512B20EFB800C9AC7F /* SecondContainer.swift */,
			);
			path = Second;
			sourceTree = "<group>";
		};
/* End PBXGroup section */

/* Begin PBXNativeTarget section */
		FA06FD212B20ED5A00C9AC7F /* KGLaVIPER */ = {
			isa = PBXNativeTarget;
			buildConfigurationList = FA06FD362B20ED5D00C9AC7F /* Build configuration list for PBXNativeTarget "KGLaVIPER" */;
			buildPhases = (
				FA06FD1E2B20ED5A00C9AC7F /* Sources */,
				FA06FD1F2B20ED5A00C9AC7F /* Frameworks */,
				FA06FD202B20ED5A00C9AC7F /* Resources */,
			);
			buildRules = (
			);
			dependencies = (
			);
			name = KGLaVIPER;
			productName = KGLaVIPER;
			productReference = FA06FD222B20ED5A00C9AC7F /* KGLaVIPER.app */;
			productType = "com.apple.product-type.application";
		};
/* End PBXNativeTarget section */

/* Begin PBXProject section */
		FA06FD1A2B20ED5A00C9AC7F /* Project object */ = {
			isa = PBXProject;
			attributes = {
				BuildIndependentTargetsInParallel = 1;
				LastSwiftUpdateCheck = 1420;
				LastUpgradeCheck = 1420;
				TargetAttributes = {
					FA06FD212B20ED5A00C9AC7F = {
						CreatedOnToolsVersion = 14.2;
					};
				};
			};
			buildConfigurationList = FA06FD1D2B20ED5A00C9AC7F /* Build configuration list for PBXProject "KGLaVIPER" */;
			compatibilityVersion = "Xcode 14.0";
			developmentRegion = en;
			hasScannedForEncodings = 0;
			knownRegions = (
				en,
				Base,
			);
			mainGroup = FA06FD192B20ED5A00C9AC7F;
			productRefGroup = FA06FD232B20ED5A00C9AC7F /* Products */;
			projectDirPath = "";
			projectRoot = "";
			targets = (
				FA06FD212B20ED5A00C9AC7F /* KGLaVIPER */,
			);
		};
/* End PBXProject section */

/* Begin PBXResourcesBuildPhase section */
		FA06FD202B20ED5A00C9AC7F /* Resources */ = {
			isa = PBXResourcesBuildPhase;
			buildActionMask = 2147483647;
			files = (
				FA06FD322B20ED5D00C9AC7F /* LaunchScreen.storyboard in Resources */,
				FA06FD2F2B20ED5D00C9AC7F /* Assets.xcassets in Resources */,
			);
			runOnlyForDeploymentPostprocessing = 0;
		};
/* End PBXResourcesBuildPhase section */

/* Begin PBXSourcesBuildPhase section */
		FA06FD1E2B20ED5A00C9AC7F /* Sources */ = {
			isa = PBXSourcesBuildPhase;
			buildActionMask = 2147483647;
			files = (
				FA06FD552B20EFB800C9AC7F /* SecondProtocols.swift in Sources */,
				FA06FD562B20EFB800C9AC7F /* SecondInteractor.swift in Sources */,
				FA06FD262B20ED5A00C9AC7F /* AppDelegate.swift in Sources */,
				FA06FD522B20EFB800C9AC7F /* SecondPresenter.swift in Sources */,
				FA06FD492B20EF9000C9AC7F /* FirstInteractor.swift in Sources */,
				FA06FD282B20ED5A00C9AC7F /* SceneDelegate.swift in Sources */,
				FA06FD452B20EF9000C9AC7F /* FirstPresenter.swift in Sources */,
				FA06FD542B20EFB800C9AC7F /* SecondViewController.swift in Sources */,
				FA06FD482B20EF9000C9AC7F /* FirstProtocols.swift in Sources */,
				FA06FD3C2B20EE5400C9AC7F /* BaseRouter.swift in Sources */,
				FA06FD462B20EF9000C9AC7F /* FirstRouter.swift in Sources */,
				FA06FD4A2B20EF9000C9AC7F /* FirstContainer.swift in Sources */,
				FA06FD532B20EFB800C9AC7F /* SecondRouter.swift in Sources */,
				FA06FD472B20EF9000C9AC7F /* FirstViewController.swift in Sources */,
				FA06FD572B20EFB800C9AC7F /* SecondContainer.swift in Sources */,
			);
			runOnlyForDeploymentPostprocessing = 0;
		};
/* End PBXSourcesBuildPhase section */

/* Begin PBXVariantGroup section */
		FA06FD302B20ED5D00C9AC7F /* LaunchScreen.storyboard */ = {
			isa = PBXVariantGroup;
			children = (
				FA06FD312B20ED5D00C9AC7F /* Base */,
			);
			name = LaunchScreen.storyboard;
			sourceTree = "<group>";
		};
/* End PBXVariantGroup section */

/* Begin XCBuildConfiguration section */
		FA06FD342B20ED5D00C9AC7F /* Debug */ = {
			isa = XCBuildConfiguration;
			buildSettings = {
				ALWAYS_SEARCH_USER_PATHS = NO;
				CLANG_ANALYZER_NONNULL = YES;
				CLANG_ANALYZER_NUMBER_OBJECT_CONVERSION = YES_AGGRESSIVE;
				CLANG_CXX_LANGUAGE_STANDARD = "gnu++20";
				CLANG_ENABLE_MODULES = YES;
				CLANG_ENABLE_OBJC_ARC = YES;
				CLANG_ENABLE_OBJC_WEAK = YES;
				CLANG_WARN_BLOCK_CAPTURE_AUTORELEASING = YES;
				CLANG_WARN_BOOL_CONVERSION = YES;
				CLANG_WARN_COMMA = YES;
				CLANG_WARN_CONSTANT_CONVERSION = YES;
				CLANG_WARN_DEPRECATED_OBJC_IMPLEMENTATIONS = YES;
				CLANG_WARN_DIRECT_OBJC_ISA_USAGE = YES_ERROR;
				CLANG_WARN_DOCUMENTATION_COMMENTS = YES;
				CLANG_WARN_EMPTY_BODY = YES;
				CLANG_WARN_ENUM_CONVERSION = YES;
				CLANG_WARN_INFINITE_RECURSION = YES;
				CLANG_WARN_INT_CONVERSION = YES;
				CLANG_WARN_NON_LITERAL_NULL_CONVERSION = YES;
				CLANG_WARN_OBJC_IMPLICIT_RETAIN_SELF = YES;
				CLANG_WARN_OBJC_LITERAL_CONVERSION = YES;
				CLANG_WARN_OBJC_ROOT_CLASS = YES_ERROR;
				CLANG_WARN_QUOTED_INCLUDE_IN_FRAMEWORK_HEADER = YES;
				CLANG_WARN_RANGE_LOOP_ANALYSIS = YES;
				CLANG_WARN_STRICT_PROTOTYPES = YES;
				CLANG_WARN_SUSPICIOUS_MOVE = YES;
				CLANG_WARN_UNGUARDED_AVAILABILITY = YES_AGGRESSIVE;
				CLANG_WARN_UNREACHABLE_CODE = YES;
				CLANG_WARN__DUPLICATE_METHOD_MATCH = YES;
				COPY_PHASE_STRIP = NO;
				DEBUG_INFORMATION_FORMAT = dwarf;
				ENABLE_STRICT_OBJC_MSGSEND = YES;
				ENABLE_TESTABILITY = YES;
				GCC_C_LANGUAGE_STANDARD = gnu11;
				GCC_DYNAMIC_NO_PIC = NO;
				GCC_NO_COMMON_BLOCKS = YES;
				GCC_OPTIMIZATION_LEVEL = 0;
				GCC_PREPROCESSOR_DEFINITIONS = (
					"DEBUG=1",
					"$(inherited)",
				);
				GCC_WARN_64_TO_32_BIT_CONVERSION = YES;
				GCC_WARN_ABOUT_RETURN_TYPE = YES_ERROR;
				GCC_WARN_UNDECLARED_SELECTOR = YES;
				GCC_WARN_UNINITIALIZED_AUTOS = YES_AGGRESSIVE;
				GCC_WARN_UNUSED_FUNCTION = YES;
				GCC_WARN_UNUSED_VARIABLE = YES;
				IPHONEOS_DEPLOYMENT_TARGET = 16.2;
				MTL_ENABLE_DEBUG_INFO = INCLUDE_SOURCE;
				MTL_FAST_MATH = YES;
				ONLY_ACTIVE_ARCH = YES;
				SDKROOT = iphoneos;
				SWIFT_ACTIVE_COMPILATION_CONDITIONS = DEBUG;
				SWIFT_OPTIMIZATION_LEVEL = "-Onone";
			};
			name = Debug;
		};
		FA06FD352B20ED5D00C9AC7F /* Release */ = {
			isa = XCBuildConfiguration;
			buildSettings = {
				ALWAYS_SEARCH_USER_PATHS = NO;
				CLANG_ANALYZER_NONNULL = YES;
				CLANG_ANALYZER_NUMBER_OBJECT_CONVERSION = YES_AGGRESSIVE;
				CLANG_CXX_LANGUAGE_STANDARD = "gnu++20";
				CLANG_ENABLE_MODULES = YES;
				CLANG_ENABLE_OBJC_ARC = YES;
				CLANG_ENABLE_OBJC_WEAK = YES;
				CLANG_WARN_BLOCK_CAPTURE_AUTORELEASING = YES;
				CLANG_WARN_BOOL_CONVERSION = YES;
				CLANG_WARN_COMMA = YES;
				CLANG_WARN_CONSTANT_CONVERSION = YES;
				CLANG_WARN_DEPRECATED_OBJC_IMPLEMENTATIONS = YES;
				CLANG_WARN_DIRECT_OBJC_ISA_USAGE = YES_ERROR;
				CLANG_WARN_DOCUMENTATION_COMMENTS = YES;
				CLANG_WARN_EMPTY_BODY = YES;
				CLANG_WARN_ENUM_CONVERSION = YES;
				CLANG_WARN_INFINITE_RECURSION = YES;
				CLANG_WARN_INT_CONVERSION = YES;
				CLANG_WARN_NON_LITERAL_NULL_CONVERSION = YES;
				CLANG_WARN_OBJC_IMPLICIT_RETAIN_SELF = YES;
				CLANG_WARN_OBJC_LITERAL_CONVERSION = YES;
				CLANG_WARN_OBJC_ROOT_CLASS = YES_ERROR;
				CLANG_WARN_QUOTED_INCLUDE_IN_FRAMEWORK_HEADER = YES;
				CLANG_WARN_RANGE_LOOP_ANALYSIS = YES;
				CLANG_WARN_STRICT_PROTOTYPES = YES;
				CLANG_WARN_SUSPICIOUS_MOVE = YES;
				CLANG_WARN_UNGUARDED_AVAILABILITY = YES_AGGRESSIVE;
				CLANG_WARN_UNREACHABLE_CODE = YES;
				CLANG_WARN__DUPLICATE_METHOD_MATCH = YES;
				COPY_PHASE_STRIP = NO;
				DEBUG_INFORMATION_FORMAT = "dwarf-with-dsym";
				ENABLE_NS_ASSERTIONS = NO;
				ENABLE_STRICT_OBJC_MSGSEND = YES;
				GCC_C_LANGUAGE_STANDARD = gnu11;
				GCC_NO_COMMON_BLOCKS = YES;
				GCC_WARN_64_TO_32_BIT_CONVERSION = YES;
				GCC_WARN_ABOUT_RETURN_TYPE = YES_ERROR;
				GCC_WARN_UNDECLARED_SELECTOR = YES;
				GCC_WARN_UNINITIALIZED_AUTOS = YES_AGGRESSIVE;
				GCC_WARN_UNUSED_FUNCTION = YES;
				GCC_WARN_UNUSED_VARIABLE = YES;
				IPHONEOS_DEPLOYMENT_TARGET = 16.2;
				MTL_ENABLE_DEBUG_INFO = NO;
				MTL_FAST_MATH = YES;
				SDKROOT = iphoneos;
				SWIFT_COMPILATION_MODE = wholemodule;
				SWIFT_OPTIMIZATION_LEVEL = "-O";
				VALIDATE_PRODUCT = YES;
			};
			name = Release;
		};
		FA06FD372B20ED5D00C9AC7F /* Debug */ = {
			isa = XCBuildConfiguration;
			buildSettings = {
				ASSETCATALOG_COMPILER_APPICON_NAME = AppIcon;
				ASSETCATALOG_COMPILER_GLOBAL_ACCENT_COLOR_NAME = AccentColor;
				CODE_SIGN_STYLE = Automatic;
				CURRENT_PROJECT_VERSION = 1;
				DEVELOPMENT_TEAM = 8A8R6ZQST8;
				GENERATE_INFOPLIST_FILE = YES;
				INFOPLIST_FILE = KGLaVIPER/Info.plist;
				INFOPLIST_KEY_UIApplicationSupportsIndirectInputEvents = YES;
				INFOPLIST_KEY_UILaunchStoryboardName = LaunchScreen;
				INFOPLIST_KEY_UISupportedInterfaceOrientations_iPad = "UIInterfaceOrientationPortrait UIInterfaceOrientationPortraitUpsideDown UIInterfaceOrientationLandscapeLeft UIInterfaceOrientationLandscapeRight";
				INFOPLIST_KEY_UISupportedInterfaceOrientations_iPhone = "UIInterfaceOrientationPortrait UIInterfaceOrientationLandscapeLeft UIInterfaceOrientationLandscapeRight";
				IPHONEOS_DEPLOYMENT_TARGET = 14.0;
				LD_RUNPATH_SEARCH_PATHS = (
					"$(inherited)",
					"@executable_path/Frameworks",
				);
				MARKETING_VERSION = 1.0;
				PRODUCT_BUNDLE_IDENTIFIER = justiOSDev.KGLaVIPER;
				PRODUCT_NAME = "$(TARGET_NAME)";
				SUPPORTED_PLATFORMS = "iphoneos iphonesimulator";
				SUPPORTS_MACCATALYST = NO;
				SUPPORTS_MAC_DESIGNED_FOR_IPHONE_IPAD = NO;
				SWIFT_EMIT_LOC_STRINGS = YES;
				SWIFT_VERSION = 5.0;
				TARGETED_DEVICE_FAMILY = 1;
			};
			name = Debug;
		};
		FA06FD382B20ED5D00C9AC7F /* Release */ = {
			isa = XCBuildConfiguration;
			buildSettings = {
				ASSETCATALOG_COMPILER_APPICON_NAME = AppIcon;
				ASSETCATALOG_COMPILER_GLOBAL_ACCENT_COLOR_NAME = AccentColor;
				CODE_SIGN_STYLE = Automatic;
				CURRENT_PROJECT_VERSION = 1;
				DEVELOPMENT_TEAM = 8A8R6ZQST8;
				GENERATE_INFOPLIST_FILE = YES;
				INFOPLIST_FILE = KGLaVIPER/Info.plist;
				INFOPLIST_KEY_UIApplicationSupportsIndirectInputEvents = YES;
				INFOPLIST_KEY_UILaunchStoryboardName = LaunchScreen;
				INFOPLIST_KEY_UISupportedInterfaceOrientations_iPad = "UIInterfaceOrientationPortrait UIInterfaceOrientationPortraitUpsideDown UIInterfaceOrientationLandscapeLeft UIInterfaceOrientationLandscapeRight";
				INFOPLIST_KEY_UISupportedInterfaceOrientations_iPhone = "UIInterfaceOrientationPortrait UIInterfaceOrientationLandscapeLeft UIInterfaceOrientationLandscapeRight";
				IPHONEOS_DEPLOYMENT_TARGET = 14.0;
				LD_RUNPATH_SEARCH_PATHS = (
					"$(inherited)",
					"@executable_path/Frameworks",
				);
				MARKETING_VERSION = 1.0;
				PRODUCT_BUNDLE_IDENTIFIER = justiOSDev.KGLaVIPER;
				PRODUCT_NAME = "$(TARGET_NAME)";
				SUPPORTED_PLATFORMS = "iphoneos iphonesimulator";
				SUPPORTS_MACCATALYST = NO;
				SUPPORTS_MAC_DESIGNED_FOR_IPHONE_IPAD = NO;
				SWIFT_EMIT_LOC_STRINGS = YES;
				SWIFT_VERSION = 5.0;
				TARGETED_DEVICE_FAMILY = 1;
			};
			name = Release;
		};
/* End XCBuildConfiguration section */

/* Begin XCConfigurationList section */
		FA06FD1D2B20ED5A00C9AC7F /* Build configuration list for PBXProject "KGLaVIPER" */ = {
			isa = XCConfigurationList;
			buildConfigurations = (
				FA06FD342B20ED5D00C9AC7F /* Debug */,
				FA06FD352B20ED5D00C9AC7F /* Release */,
			);
			defaultConfigurationIsVisible = 0;
			defaultConfigurationName = Release;
		};
		FA06FD362B20ED5D00C9AC7F /* Build configuration list for PBXNativeTarget "KGLaVIPER" */ = {
			isa = XCConfigurationList;
			buildConfigurations = (
				FA06FD372B20ED5D00C9AC7F /* Debug */,
				FA06FD382B20ED5D00C9AC7F /* Release */,
			);
			defaultConfigurationIsVisible = 0;
			defaultConfigurationName = Release;
		};
/* End XCConfigurationList section */
	};
	rootObject = FA06FD1A2B20ED5A00C9AC7F /* Project object */;
}
